
Microsoft Visual Studio Solution File, Format Version 12.00
# Visual Studio Version 17
VisualStudioVersion = 17.8.34322.80
MinimumVisualStudioVersion = 10.0.40219.1
Project("{8BC9CEB8-8B4A-11D0-8D11-00A0C91BC942}") = "DSPModules", "DSPModules\DSPModules.vcxproj", "{FF70CE49-BCCE-42ED-AF72-5168DDE8893A}"
EndProject
Project("{2150E333-8FDC-42A3-9474-1A3956D46DE8}") = "Solution Items", "Solution Items", "{DACC7311-31F9-4C5A-865B-2F88CDA4A76F}"
	ProjectSection(SolutionItems) = preProject
		README.md = README.md
	EndProjectSection
EndProject
Global
	GlobalSection(SolutionConfigurationPlatforms) = preSolution
		Debug|x64 = Debug|x64
		Debug|x86 = Debug|x86
		Release|x64 = Release|x64
		Release|x86 = Release|x86
	EndGlobalSection
	GlobalSection(ProjectConfigurationPlatforms) = postSolution
		{FF70CE49-BCCE-42ED-AF72-5168DDE8893A}.Debug|x64.ActiveCfg = Debug|x64
		{FF70CE49-BCCE-42ED-AF72-5168DDE8893A}.Debug|x64.Build.0 = Debug|x64
		{FF70CE49-BCCE-42ED-AF72-5168DDE8893A}.Debug|x86.ActiveCfg = Debug|Win32
		{FF70CE49-BCCE-42ED-AF72-5168DDE8893A}.Debug|x86.Build.0 = Debug|Win32
		{FF70CE49-BCCE-42ED-AF72-5168DDE8893A}.Release|x64.ActiveCfg = Release|x64
		{FF70CE49-BCCE-42ED-AF72-5168DDE8893A}.Release|x64.Build.0 = Release|x64
		{FF70CE49-BCCE-42ED-AF72-5168DDE8893A}.Release|x86.ActiveCfg = Release|Win32
		{FF70CE49-BCCE-42ED-AF72-5168DDE8893A}.Release|x86.Build.0 = Release|Win32
	EndGlobalSection
	GlobalSection(SolutionProperties) = preSolution
		HideSolutionNode = FALSE
	EndGlobalSection
	GlobalSection(ExtensibilityGlobals) = postSolution
		SolutionGuid = {AB95FC1F-1E71-45F3-B6B0-30EFC85C2CF5}
	EndGlobalSection
EndGlobal
